// !$*UTF8*$!
{
	archiveVersion = 1;
	classes = {
	};
	objectVersion = 46;
	objects = {

/* Begin PBXBuildFile section */
		FA4FB64D1ACB62B700E68424 /* main.m in Sources */ = {isa = PBXBuildFile; fileRef = FA4FB64C1ACB62B700E68424 /* main.m */; };
		FA4FB6501ACB62B700E68424 /* AppDelegate.m in Sources */ = {isa = PBXBuildFile; fileRef = FA4FB64F1ACB62B700E68424 /* AppDelegate.m */; };
		FA4FB6531ACB62B700E68424 /* MyRunner.xcdatamodeld in Sources */ = {isa = PBXBuildFile; fileRef = FA4FB6511ACB62B700E68424 /* MyRunner.xcdatamodeld */; };
		FA4FB6561ACB62B700E68424 /* MasterViewController.m in Sources */ = {isa = PBXBuildFile; fileRef = FA4FB6551ACB62B700E68424 /* MasterViewController.m */; };
		FA4FB6591ACB62B700E68424 /* DetailViewController.m in Sources */ = {isa = PBXBuildFile; fileRef = FA4FB6581ACB62B700E68424 /* DetailViewController.m */; };
		FA4FB65C1ACB62B700E68424 /* Main.storyboard in Resources */ = {isa = PBXBuildFile; fileRef = FA4FB65A1ACB62B700E68424 /* Main.storyboard */; };
		FA4FB65E1ACB62B700E68424 /* Images.xcassets in Resources */ = {isa = PBXBuildFile; fileRef = FA4FB65D1ACB62B700E68424 /* Images.xcassets */; };
		FA4FB6611ACB62B700E68424 /* LaunchScreen.xib in Resources */ = {isa = PBXBuildFile; fileRef = FA4FB65F1ACB62B700E68424 /* LaunchScreen.xib */; };
		FA4FB66D1ACB62B700E68424 /* MyRunnerTests.m in Sources */ = {isa = PBXBuildFile; fileRef = FA4FB66C1ACB62B700E68424 /* MyRunnerTests.m */; };
/* End PBXBuildFile section */

/* Begin PBXContainerItemProxy section */
		FA4FB6671ACB62B700E68424 /* PBXContainerItemProxy */ = {
			isa = PBXContainerItemProxy;
			containerPortal = FA4FB63F1ACB62B700E68424 /* Project object */;
			proxyType = 1;
			remoteGlobalIDString = FA4FB6461ACB62B700E68424;
			remoteInfo = MyRunner;
		};
/* End PBXContainerItemProxy section */

/* Begin PBXFileReference section */
		FA4FB6471ACB62B700E68424 /* MyRunner.app */ = {isa = PBXFileReference; explicitFileType = wrapper.application; includeInIndex = 0; path = MyRunner.app; sourceTree = BUILT_PRODUCTS_DIR; };
		FA4FB64B1ACB62B700E68424 /* Info.plist */ = {isa = PBXFileReference; lastKnownFileType = text.plist.xml; path = Info.plist; sourceTree = "<group>"; };
		FA4FB64C1ACB62B700E68424 /* main.m */ = {isa = PBXFileReference; lastKnownFileType = sourcecode.c.objc; path = main.m; sourceTree = "<group>"; };
		FA4FB64E1ACB62B700E68424 /* AppDelegate.h */ = {isa = PBXFileReference; lastKnownFileType = sourcecode.c.h; path = AppDelegate.h; sourceTree = "<group>"; };
		FA4FB64F1ACB62B700E68424 /* AppDelegate.m */ = {isa = PBXFileReference; lastKnownFileType = sourcecode.c.objc; path = AppDelegate.m; sourceTree = "<group>"; };
		FA4FB6521ACB62B700E68424 /* MyRunner.xcdatamodel */ = {isa = PBXFileReference; lastKnownFileType = wrapper.xcdatamodel; path = MyRunner.xcdatamodel; sourceTree = "<group>"; };
		FA4FB6541ACB62B700E68424 /* MasterViewController.h */ = {isa = PBXFileReference; lastKnownFileType = sourcecode.c.h; path = MasterViewController.h; sourceTree = "<group>"; };
		FA4FB6551ACB62B700E68424 /* MasterViewController.m */ = {isa = PBXFileReference; lastKnownFileType = sourcecode.c.objc; path = MasterViewController.m; sourceTree = "<group>"; };
		FA4FB6571ACB62B700E68424 /* DetailViewController.h */ = {isa = PBXFileReference; lastKnownFileType = sourcecode.c.h; path = DetailViewController.h; sourceTree = "<group>"; };
		FA4FB6581ACB62B700E68424 /* DetailViewController.m */ = {isa = PBXFileReference; lastKnownFileType = sourcecode.c.objc; path = DetailViewController.m; sourceTree = "<group>"; };
		FA4FB65B1ACB62B700E68424 /* Base */ = {isa = PBXFileReference; lastKnownFileType = file.storyboard; name = Base; path = Base.lproj/Main.storyboard; sourceTree = "<group>"; };
		FA4FB65D1ACB62B700E68424 /* Images.xcassets */ = {isa = PBXFileReference; lastKnownFileType = folder.assetcatalog; path = Images.xcassets; sourceTree = "<group>"; };
		FA4FB6601ACB62B700E68424 /* Base */ = {isa = PBXFileReference; lastKnownFileType = file.xib; name = Base; path = Base.lproj/LaunchScreen.xib; sourceTree = "<group>"; };
		FA4FB6661ACB62B700E68424 /* MyRunnerTests.xctest */ = {isa = PBXFileReference; explicitFileType = wrapper.cfbundle; includeInIndex = 0; path = MyRunnerTests.xctest; sourceTree = BUILT_PRODUCTS_DIR; };
		FA4FB66B1ACB62B700E68424 /* Info.plist */ = {isa = PBXFileReference; lastKnownFileType = text.plist.xml; path = Info.plist; sourceTree = "<group>"; };
		FA4FB66C1ACB62B700E68424 /* MyRunnerTests.m */ = {isa = PBXFileReference; lastKnownFileType = sourcecode.c.objc; path = MyRunnerTests.m; sourceTree = "<group>"; };
/* End PBXFileReference section */

/* Begin PBXFrameworksBuildPhase section */
		FA4FB6441ACB62B700E68424 /* Frameworks */ = {
			isa = PBXFrameworksBuildPhase;
			buildActionMask = 2147483647;
			files = (
			);
			runOnlyForDeploymentPostprocessing = 0;
		};
		FA4FB6631ACB62B700E68424 /* Frameworks */ = {
			isa = PBXFrameworksBuildPhase;
			buildActionMask = 2147483647;
			files = (
			);
			runOnlyForDeploymentPostprocessing = 0;
		};
/* End PBXFrameworksBuildPhase section */

/* Begin PBXGroup section */
		FA4FB63E1ACB62B700E68424 = {
			isa = PBXGroup;
			children = (
				FA4FB6491ACB62B700E68424 /* MyRunner */,
				FA4FB6691ACB62B700E68424 /* MyRunnerTests */,
				FA4FB6481ACB62B700E68424 /* Products */,
			);
			sourceTree = "<group>";
		};
		FA4FB6481ACB62B700E68424 /* Products */ = {
			isa = PBXGroup;
			children = (
				FA4FB6471ACB62B700E68424 /* MyRunner.app */,
				FA4FB6661ACB62B700E68424 /* MyRunnerTests.xctest */,
			);
			name = Products;
			sourceTree = "<group>";
		};
		FA4FB6491ACB62B700E68424 /* MyRunner */ = {
			isa = PBXGroup;
			children = (
				FA4FB64E1ACB62B700E68424 /* AppDelegate.h */,
				FA4FB64F1ACB62B700E68424 /* AppDelegate.m */,
				FA4FB6541ACB62B700E68424 /* MasterViewController.h */,
				FA4FB6551ACB62B700E68424 /* MasterViewController.m */,
				FA4FB6571ACB62B700E68424 /* DetailViewController.h */,
				FA4FB6581ACB62B700E68424 /* DetailViewController.m */,
				FA4FB65A1ACB62B700E68424 /* Main.storyboard */,
				FA4FB65D1ACB62B700E68424 /* Images.xcassets */,
				FA4FB65F1ACB62B700E68424 /* LaunchScreen.xib */,
				FA4FB6511ACB62B700E68424 /* MyRunner.xcdatamodeld */,
				FA4FB64A1ACB62B700E68424 /* Supporting Files */,
			);
			path = MyRunner;
			sourceTree = "<group>";
		};
		FA4FB64A1ACB62B700E68424 /* Supporting Files */ = {
			isa = PBXGroup;
			children = (
				FA4FB64B1ACB62B700E68424 /* Info.plist */,
				FA4FB64C1ACB62B700E68424 /* main.m */,
			);
			name = "Supporting Files";
			sourceTree = "<group>";
		};
		FA4FB6691ACB62B700E68424 /* MyRunnerTests */ = {
			isa = PBXGroup;
			children = (
				FA4FB66C1ACB62B700E68424 /* MyRunnerTests.m */,
				FA4FB66A1ACB62B700E68424 /* Supporting Files */,
			);
			path = MyRunnerTests;
			sourceTree = "<group>";
		};
		FA4FB66A1ACB62B700E68424 /* Supporting Files */ = {
			isa = PBXGroup;
			children = (
				FA4FB66B1ACB62B700E68424 /* Info.plist */,
			);
			name = "Supporting Files";
			sourceTree = "<group>";
		};
/* End PBXGroup section */

/* Begin PBXNativeTarget section */
		FA4FB6461ACB62B700E68424 /* MyRunner */ = {
			isa = PBXNativeTarget;
			buildConfigurationList = FA4FB6701ACB62B700E68424 /* Build configuration list for PBXNativeTarget "MyRunner" */;
			buildPhases = (
				FA4FB6431ACB62B700E68424 /* Sources */,
				FA4FB6441ACB62B700E68424 /* Frameworks */,
				FA4FB6451ACB62B700E68424 /* Resources */,
			);
			buildRules = (
			);
			dependencies = (
			);
			name = MyRunner;
			productName = MyRunner;
			productReference = FA4FB6471ACB62B700E68424 /* MyRunner.app */;
			productType = "com.apple.product-type.application";
		};
		FA4FB6651ACB62B700E68424 /* MyRunnerTests */ = {
			isa = PBXNativeTarget;
			buildConfigurationList = FA4FB6731ACB62B700E68424 /* Build configuration list for PBXNativeTarget "MyRunnerTests" */;
			buildPhases = (
				FA4FB6621ACB62B700E68424 /* Sources */,
				FA4FB6631ACB62B700E68424 /* Frameworks */,
				FA4FB6641ACB62B700E68424 /* Resources */,
			);
			buildRules = (
			);
			dependencies = (
				FA4FB6681ACB62B700E68424 /* PBXTargetDependency */,
			);
			name = MyRunnerTests;
			productName = MyRunnerTests;
			productReference = FA4FB6661ACB62B700E68424 /* MyRunnerTests.xctest */;
			productType = "com.apple.product-type.bundle.unit-test";
		};
/* End PBXNativeTarget section */

/* Begin PBXProject section */
		FA4FB63F1ACB62B700E68424 /* Project object */ = {
			isa = PBXProject;
			attributes = {
				LastUpgradeCheck = 0620;
				ORGANIZATIONNAME = HappyGuy;
				TargetAttributes = {
					FA4FB6461ACB62B700E68424 = {
						CreatedOnToolsVersion = 6.2;
					};
					FA4FB6651ACB62B700E68424 = {
						CreatedOnToolsVersion = 6.2;
						TestTargetID = FA4FB6461ACB62B700E68424;
					};
				};
			};
			buildConfigurationList = FA4FB6421ACB62B700E68424 /* Build configuration list for PBXProject "MyRunner" */;
			compatibilityVersion = "Xcode 3.2";
			developmentRegion = English;
			hasScannedForEncodings = 0;
			knownRegions = (
				en,
				Base,
			);
			mainGroup = FA4FB63E1ACB62B700E68424;
			productRefGroup = FA4FB6481ACB62B700E68424 /* Products */;
			projectDirPath = "";
			projectRoot = "";
			targets = (
				FA4FB6461ACB62B700E68424 /* MyRunner */,
				FA4FB6651ACB62B700E68424 /* MyRunnerTests */,
			);
		};
/* End PBXProject section */

/* Begin PBXResourcesBuildPhase section */
		FA4FB6451ACB62B700E68424 /* Resources */ = {
			isa = PBXResourcesBuildPhase;
			buildActionMask = 2147483647;
			files = (
				FA4FB65C1ACB62B700E68424 /* Main.storyboard in Resources */,
				FA4FB6611ACB62B700E68424 /* LaunchScreen.xib in Resources */,
				FA4FB65E1ACB62B700E68424 /* Images.xcassets in Resources */,
			);
			runOnlyForDeploymentPostprocessing = 0;
		};
		FA4FB6641ACB62B700E68424 /* Resources */ = {
			isa = PBXResourcesBuildPhase;
			buildActionMask = 2147483647;
			files = (
			);
			runOnlyForDeploymentPostprocessing = 0;
		};
/* End PBXResourcesBuildPhase section */

/* Begin PBXSourcesBuildPhase section */
		FA4FB6431ACB62B700E68424 /* Sources */ = {
			isa = PBXSourcesBuildPhase;
			buildActionMask = 2147483647;
			files = (
				FA4FB6591ACB62B700E68424 /* DetailViewController.m in Sources */,
				FA4FB6561ACB62B700E68424 /* MasterViewController.m in Sources */,
				FA4FB6501ACB62B700E68424 /* AppDelegate.m in Sources */,
				FA4FB6531ACB62B700E68424 /* MyRunner.xcdatamodeld in Sources */,
				FA4FB64D1ACB62B700E68424 /* main.m in Sources */,
			);
			runOnlyForDeploymentPostprocessing = 0;
		};
		FA4FB6621ACB62B700E68424 /* Sources */ = {
			isa = PBXSourcesBuildPhase;
			buildActionMask = 2147483647;
			files = (
				FA4FB66D1ACB62B700E68424 /* MyRunnerTests.m in Sources */,
			);
			runOnlyForDeploymentPostprocessing = 0;
		};
/* End PBXSourcesBuildPhase section */

/* Begin PBXTargetDependency section */
		FA4FB6681ACB62B700E68424 /* PBXTargetDependency */ = {
			isa = PBXTargetDependency;
			target = FA4FB6461ACB62B700E68424 /* MyRunner */;
			targetProxy = FA4FB6671ACB62B700E68424 /* PBXContainerItemProxy */;
		};
/* End PBXTargetDependency section */

/* Begin PBXVariantGroup section */
		FA4FB65A1ACB62B700E68424 /* Main.storyboard */ = {
			isa = PBXVariantGroup;
			children = (
				FA4FB65B1ACB62B700E68424 /* Base */,
			);
			name = Main.storyboard;
			sourceTree = "<group>";
		};
		FA4FB65F1ACB62B700E68424 /* LaunchScreen.xib */ = {
			isa = PBXVariantGroup;
			children = (
				FA4FB6601ACB62B700E68424 /* Base */,
			);
			name = LaunchScreen.xib;
			sourceTree = "<group>";
		};
/* End PBXVariantGroup section */

/* Begin XCBuildConfiguration section */
		FA4FB66E1ACB62B700E68424 /* Debug */ = {
			isa = XCBuildConfiguration;
			buildSettings = {
				ALWAYS_SEARCH_USER_PATHS = NO;
				CLANG_CXX_LANGUAGE_STANDARD = "gnu++0x";
				CLANG_CXX_LIBRARY = "libc++";
				CLANG_ENABLE_MODULES = YES;
				CLANG_ENABLE_OBJC_ARC = YES;
				CLANG_WARN_BOOL_CONVERSION = YES;
				CLANG_WARN_CONSTANT_CONVERSION = YES;
				CLANG_WARN_DIRECT_OBJC_ISA_USAGE = YES_ERROR;
				CLANG_WARN_EMPTY_BODY = YES;
				CLANG_WARN_ENUM_CONVERSION = YES;
				CLANG_WARN_INT_CONVERSION = YES;
				CLANG_WARN_OBJC_ROOT_CLASS = YES_ERROR;
				CLANG_WARN_UNREACHABLE_CODE = YES;
				CLANG_WARN__DUPLICATE_METHOD_MATCH = YES;
				"CODE_SIGN_IDENTITY[sdk=iphoneos*]" = "iPhone Developer";
				COPY_PHASE_STRIP = NO;
				ENABLE_STRICT_OBJC_MSGSEND = YES;
				GCC_C_LANGUAGE_STANDARD = gnu99;
				GCC_DYNAMIC_NO_PIC = NO;
				GCC_OPTIMIZATION_LEVEL = 0;
				GCC_PREPROCESSOR_DEFINITIONS = (
					"DEBUG=1",
					"$(inherited)",
				);
				GCC_SYMBOLS_PRIVATE_EXTERN = NO;
				GCC_WARN_64_TO_32_BIT_CONVERSION = YES;
				GCC_WARN_ABOUT_RETURN_TYPE = YES_ERROR;
				GCC_WARN_UNDECLARED_SELECTOR = YES;
				GCC_WARN_UNINITIALIZED_AUTOS = YES_AGGRESSIVE;
				GCC_WARN_UNUSED_FUNCTION = YES;
				GCC_WARN_UNUSED_VARIABLE = YES;
				IPHONEOS_DEPLOYMENT_TARGET = 8.2;
				MTL_ENABLE_DEBUG_INFO = YES;
				ONLY_ACTIVE_ARCH = YES;
				SDKROOT = iphoneos;
			};
			name = Debug;
		};
		FA4FB66F1ACB62B700E68424 /* Release */ = {
			isa = XCBuildConfiguration;
			buildSettings = {
				ALWAYS_SEARCH_USER_PATHS = NO;
				CLANG_CXX_LANGUAGE_STANDARD = "gnu++0x";
				CLANG_CXX_LIBRARY = "libc++";
				CLANG_ENABLE_MODULES = YES;
				CLANG_ENABLE_OBJC_ARC = YES;
				CLANG_WARN_BOOL_CONVERSION = YES;
				CLANG_WARN_CONSTANT_CONVERSION = YES;
				CLANG_WARN_DIRECT_OBJC_ISA_USAGE = YES_ERROR;
				CLANG_WARN_EMPTY_BODY = YES;
				CLANG_WARN_ENUM_CONVERSION = YES;
				CLANG_WARN_INT_CONVERSION = YES;
				CLANG_WARN_OBJC_ROOT_CLASS = YES_ERROR;
				CLANG_WARN_UNREACHABLE_CODE = YES;
				CLANG_WARN__DUPLICATE_METHOD_MATCH = YES;
				"CODE_SIGN_IDENTITY[sdk=iphoneos*]" = "iPhone Developer";
				COPY_PHASE_STRIP = NO;
				ENABLE_NS_ASSERTIONS = NO;
				ENABLE_STRICT_OBJC_MSGSEND = YES;
				GCC_C_LANGUAGE_STANDARD = gnu99;
				GCC_WARN_64_TO_32_BIT_CONVERSION = YES;
				GCC_WARN_ABOUT_RETURN_TYPE = YES_ERROR;
				GCC_WARN_UNDECLARED_SELECTOR = YES;
				GCC_WARN_UNINITIALIZED_AUTOS = YES_AGGRESSIVE;
				GCC_WARN_UNUSED_FUNCTION = YES;
				GCC_WARN_UNUSED_VARIABLE = YES;
				IPHONEOS_DEPLOYMENT_TARGET = 8.2;
				MTL_ENABLE_DEBUG_INFO = NO;
				SDKROOT = iphoneos;
				VALIDATE_PRODUCT = YES;
			};
			name = Release;
		};
		FA4FB6711ACB62B700E68424 /* Debug */ = {
			isa = XCBuildConfiguration;
			buildSettings = {
				ASSETCATALOG_COMPILER_APPICON_NAME = AppIcon;
				INFOPLIST_FILE = MyRunner/Info.plist;
				LD_RUNPATH_SEARCH_PATHS = "$(inherited) @executable_path/Frameworks";
				PRODUCT_NAME = "$(TARGET_NAME)";
			};
			name = Debug;
		};
		FA4FB6721ACB62B700E68424 /* Release */ = {
			isa = XCBuildConfiguration;
			buildSettings = {
				ASSETCATALOG_COMPILER_APPICON_NAME = AppIcon;
				INFOPLIST_FILE = MyRunner/Info.plist;
				LD_RUNPATH_SEARCH_PATHS = "$(inherited) @executable_path/Frameworks";
				PRODUCT_NAME = "$(TARGET_NAME)";
			};
			name = Release;
		};
		FA4FB6741ACB62B700E68424 /* Debug */ = {
			isa = XCBuildConfiguration;
			buildSettings = {
				BUNDLE_LOADER = "$(TEST_HOST)";
				FRAMEWORK_SEARCH_PATHS = (
					"$(SDKROOT)/Developer/Library/Frameworks",
					"$(inherited)",
				);
				GCC_PREPROCESSOR_DEFINITIONS = (
					"DEBUG=1",
					"$(inherited)",
				);
				INFOPLIST_FILE = MyRunnerTests/Info.plist;
				LD_RUNPATH_SEARCH_PATHS = "$(inherited) @executable_path/Frameworks @loader_path/Frameworks";
				PRODUCT_NAME = "$(TARGET_NAME)";
				TEST_HOST = "$(BUILT_PRODUCTS_DIR)/MyRunner.app/MyRunner";
			};
			name = Debug;
		};
		FA4FB6751ACB62B700E68424 /* Release */ = {
			isa = XCBuildConfiguration;
			buildSettings = {
				BUNDLE_LOADER = "$(TEST_HOST)";
				FRAMEWORK_SEARCH_PATHS = (
					"$(SDKROOT)/Developer/Library/Frameworks",
					"$(inherited)",
				);
				INFOPLIST_FILE = MyRunnerTests/Info.plist;
				LD_RUNPATH_SEARCH_PATHS = "$(inherited) @executable_path/Frameworks @loader_path/Frameworks";
				PRODUCT_NAME = "$(TARGET_NAME)";
				TEST_HOST = "$(BUILT_PRODUCTS_DIR)/MyRunner.app/MyRunner";
			};
			name = Release;
		};
/* End XCBuildConfiguration section */

/* Begin XCConfigurationList section */
		FA4FB6421ACB62B700E68424 /* Build configuration list for PBXProject "MyRunner" */ = {
			isa = XCConfigurationList;
			buildConfigurations = (
				FA4FB66E1ACB62B700E68424 /* Debug */,
				FA4FB66F1ACB62B700E68424 /* Release */,
			);
			defaultConfigurationIsVisible = 0;
			defaultConfigurationName = Release;
		};
		FA4FB6701ACB62B700E68424 /* Build configuration list for PBXNativeTarget "MyRunner" */ = {
			isa = XCConfigurationList;
			buildConfigurations = (
				FA4FB6711ACB62B700E68424 /* Debug */,
				FA4FB6721ACB62B700E68424 /* Release */,
			);
			defaultConfigurationIsVisible = 0;
		};
		FA4FB6731ACB62B700E68424 /* Build configuration list for PBXNativeTarget "MyRunnerTests" */ = {
			isa = XCConfigurationList;
			buildConfigurations = (
				FA4FB6741ACB62B700E68424 /* Debug */,
				FA4FB6751ACB62B700E68424 /* Release */,
			);
			defaultConfigurationIsVisible = 0;
		};
/* End XCConfigurationList section */

/* Begin XCVersionGroup section */
		FA4FB6511ACB62B700E68424 /* MyRunner.xcdatamodeld */ = {
			isa = XCVersionGroup;
			children = (
				FA4FB6521ACB62B700E68424 /* MyRunner.xcdatamodel */,
			);
			currentVersion = FA4FB6521ACB62B700E68424 /* MyRunner.xcdatamodel */;
			path = MyRunner.xcdatamodeld;
			sourceTree = "<group>";
			versionGroupType = wrapper.xcdatamodel;
		};
/* End XCVersionGroup section */
	};
	rootObject = FA4FB63F1ACB62B700E68424 /* Project object */;
}
